// !$*UTF8*$!
{
	archiveVersion = 1;
	classes = {
	};
	objectVersion = 50;
	objects = {

/* Begin PBXBuildFile section */
		5CEA8E3A260E26AC003BF82B /* SwiftFramework.framework in Frameworks */ = {isa = PBXBuildFile; fileRef = 5CEA8E30260E26AB003BF82B /* SwiftFramework.framework */; };
		5CEA8E3F260E26AC003BF82B /* SwiftFrameworkTests.swift in Sources */ = {isa = PBXBuildFile; fileRef = 5CEA8E3E260E26AC003BF82B /* SwiftFrameworkTests.swift */; };
		5CEA8E41260E26AC003BF82B /* SwiftFramework.h in Headers */ = {isa = PBXBuildFile; fileRef = 5CEA8E33260E26AB003BF82B /* SwiftFramework.h */; settings = {ATTRIBUTES = (Public, ); }; };
		5CEA8E58260E26BB003BF82B /* SwiftTest.swift in Sources */ = {isa = PBXBuildFile; fileRef = 5CEA8E57260E26BB003BF82B /* SwiftTest.swift */; };
/* End PBXBuildFile section */

/* Begin PBXContainerItemProxy section */
		5CEA8E3B260E26AC003BF82B /* PBXContainerItemProxy */ = {
			isa = PBXContainerItemProxy;
			containerPortal = 5CEA8E27260E26AB003BF82B /* Project object */;
			proxyType = 1;
			remoteGlobalIDString = 5CEA8E2F260E26AB003BF82B;
			remoteInfo = SwiftFramework;
		};
/* End PBXContainerItemProxy section */

/* Begin PBXFileReference section */
		5CEA8E30260E26AB003BF82B /* SwiftFramework.framework */ = {isa = PBXFileReference; explicitFileType = wrapper.framework; includeInIndex = 0; path = SwiftFramework.framework; sourceTree = BUILT_PRODUCTS_DIR; };
		5CEA8E33260E26AB003BF82B /* SwiftFramework.h */ = {isa = PBXFileReference; lastKnownFileType = sourcecode.c.h; path = SwiftFramework.h; sourceTree = "<group>"; };
		5CEA8E34260E26AB003BF82B /* Info.plist */ = {isa = PBXFileReference; lastKnownFileType = text.plist.xml; path = Info.plist; sourceTree = "<group>"; };
		5CEA8E39260E26AC003BF82B /* SwiftFrameworkTests.xctest */ = {isa = PBXFileReference; explicitFileType = wrapper.cfbundle; includeInIndex = 0; path = SwiftFrameworkTests.xctest; sourceTree = BUILT_PRODUCTS_DIR; };
		5CEA8E3E260E26AC003BF82B /* SwiftFrameworkTests.swift */ = {isa = PBXFileReference; lastKnownFileType = sourcecode.swift; path = SwiftFrameworkTests.swift; sourceTree = "<group>"; };
		5CEA8E40260E26AC003BF82B /* Info.plist */ = {isa = PBXFileReference; lastKnownFileType = text.plist.xml; path = Info.plist; sourceTree = "<group>"; };
		5CEA8E57260E26BB003BF82B /* SwiftTest.swift */ = {isa = PBXFileReference; lastKnownFileType = sourcecode.swift; path = SwiftTest.swift; sourceTree = "<group>"; };
/* End PBXFileReference section */

/* Begin PBXFrameworksBuildPhase section */
		5CEA8E2D260E26AB003BF82B /* Frameworks */ = {
			isa = PBXFrameworksBuildPhase;
			buildActionMask = 2147483647;
			files = (
			);
			runOnlyForDeploymentPostprocessing = 0;
		};
		5CEA8E36260E26AC003BF82B /* Frameworks */ = {
			isa = PBXFrameworksBuildPhase;
			buildActionMask = 2147483647;
			files = (
				5CEA8E3A260E26AC003BF82B /* SwiftFramework.framework in Frameworks */,
			);
			runOnlyForDeploymentPostprocessing = 0;
		};
/* End PBXFrameworksBuildPhase section */

/* Begin PBXGroup section */
		5CEA8E26260E26AB003BF82B = {
			isa = PBXGroup;
			children = (
				5CEA8E32260E26AB003BF82B /* SwiftFramework */,
				5CEA8E3D260E26AC003BF82B /* SwiftFrameworkTests */,
				5CEA8E31260E26AB003BF82B /* Products */,
			);
			sourceTree = "<group>";
		};
		5CEA8E31260E26AB003BF82B /* Products */ = {
			isa = PBXGroup;
			children = (
				5CEA8E30260E26AB003BF82B /* SwiftFramework.framework */,
				5CEA8E39260E26AC003BF82B /* SwiftFrameworkTests.xctest */,
			);
			name = Products;
			sourceTree = "<group>";
		};
		5CEA8E32260E26AB003BF82B /* SwiftFramework */ = {
			isa = PBXGroup;
			children = (
				5CEA8E57260E26BB003BF82B /* SwiftTest.swift */,
				5CEA8E33260E26AB003BF82B /* SwiftFramework.h */,
				5CEA8E34260E26AB003BF82B /* Info.plist */,
			);
			path = SwiftFramework;
			sourceTree = "<group>";
		};
		5CEA8E3D260E26AC003BF82B /* SwiftFrameworkTests */ = {
			isa = PBXGroup;
			children = (
				5CEA8E3E260E26AC003BF82B /* SwiftFrameworkTests.swift */,
				5CEA8E40260E26AC003BF82B /* Info.plist */,
			);
			path = SwiftFrameworkTests;
			sourceTree = "<group>";
		};
/* End PBXGroup section */

/* Begin PBXHeadersBuildPhase section */
		5CEA8E2B260E26AB003BF82B /* Headers */ = {
			isa = PBXHeadersBuildPhase;
			buildActionMask = 2147483647;
			files = (
				5CEA8E41260E26AC003BF82B /* SwiftFramework.h in Headers */,
			);
			runOnlyForDeploymentPostprocessing = 0;
		};
/* End PBXHeadersBuildPhase section */

/* Begin PBXNativeTarget section */
		5CEA8E2F260E26AB003BF82B /* SwiftFramework */ = {
			isa = PBXNativeTarget;
			buildConfigurationList = 5CEA8E44260E26AC003BF82B /* Build configuration list for PBXNativeTarget "SwiftFramework" */;
			buildPhases = (
				5CEA8E2B260E26AB003BF82B /* Headers */,
				5CEA8E2C260E26AB003BF82B /* Sources */,
				5CEA8E2D260E26AB003BF82B /* Frameworks */,
				5CEA8E2E260E26AB003BF82B /* Resources */,
			);
			buildRules = (
			);
			dependencies = (
			);
			name = SwiftFramework;
			productName = SwiftFramework;
			productReference = 5CEA8E30260E26AB003BF82B /* SwiftFramework.framework */;
			productType = "com.apple.product-type.framework";
		};
		5CEA8E38260E26AC003BF82B /* SwiftFrameworkTests */ = {
			isa = PBXNativeTarget;
			buildConfigurationList = 5CEA8E47260E26AC003BF82B /* Build configuration list for PBXNativeTarget "SwiftFrameworkTests" */;
			buildPhases = (
				5CEA8E35260E26AC003BF82B /* Sources */,
				5CEA8E36260E26AC003BF82B /* Frameworks */,
				5CEA8E37260E26AC003BF82B /* Resources */,
			);
			buildRules = (
			);
			dependencies = (
				5CEA8E3C260E26AC003BF82B /* PBXTargetDependency */,
			);
			name = SwiftFrameworkTests;
			productName = SwiftFrameworkTests;
			productReference = 5CEA8E39260E26AC003BF82B /* SwiftFrameworkTests.xctest */;
			productType = "com.apple.product-type.bundle.unit-test";
		};
/* End PBXNativeTarget section */

/* Begin PBXProject section */
		5CEA8E27260E26AB003BF82B /* Project object */ = {
			isa = PBXProject;
			attributes = {
				LastSwiftUpdateCheck = 1200;
				LastUpgradeCheck = 1200;
				TargetAttributes = {
					5CEA8E2F260E26AB003BF82B = {
						CreatedOnToolsVersion = 12.0;
						LastSwiftMigration = 1200;
					};
					5CEA8E38260E26AC003BF82B = {
						CreatedOnToolsVersion = 12.0;
					};
				};
			};
			buildConfigurationList = 5CEA8E2A260E26AB003BF82B /* Build configuration list for PBXProject "SwiftFramework" */;
			compatibilityVersion = "Xcode 9.3";
			developmentRegion = en;
			hasScannedForEncodings = 0;
			knownRegions = (
				en,
				Base,
			);
			mainGroup = 5CEA8E26260E26AB003BF82B;
			productRefGroup = 5CEA8E31260E26AB003BF82B /* Products */;
			projectDirPath = "";
			projectRoot = "";
			targets = (
				5CEA8E2F260E26AB003BF82B /* SwiftFramework */,
				5CEA8E38260E26AC003BF82B /* SwiftFrameworkTests */,
			);
		};
/* End PBXProject section */

/* Begin PBXResourcesBuildPhase section */
		5CEA8E2E260E26AB003BF82B /* Resources */ = {
			isa = PBXResourcesBuildPhase;
			buildActionMask = 2147483647;
			files = (
			);
			runOnlyForDeploymentPostprocessing = 0;
		};
		5CEA8E37260E26AC003BF82B /* Resources */ = {
			isa = PBXResourcesBuildPhase;
			buildActionMask = 2147483647;
			files = (
			);
			runOnlyForDeploymentPostprocessing = 0;
		};
/* End PBXResourcesBuildPhase section */

/* Begin PBXSourcesBuildPhase section */
		5CEA8E2C260E26AB003BF82B /* Sources */ = {
			isa = PBXSourcesBuildPhase;
			buildActionMask = 2147483647;
			files = (
				5CEA8E58260E26BB003BF82B /* SwiftTest.swift in Sources */,
			);
			runOnlyForDeploymentPostprocessing = 0;
		};
		5CEA8E35260E26AC003BF82B /* Sources */ = {
			isa = PBXSourcesBuildPhase;
			buildActionMask = 2147483647;
			files = (
				5CEA8E3F260E26AC003BF82B /* SwiftFrameworkTests.swift in Sources */,
			);
			runOnlyForDeploymentPostprocessing = 0;
		};
/* End PBXSourcesBuildPhase section */

/* Begin PBXTargetDependency section */
		5CEA8E3C260E26AC003BF82B /* PBXTargetDependency */ = {
			isa = PBXTargetDependency;
			target = 5CEA8E2F260E26AB003BF82B /* SwiftFramework */;
			targetProxy = 5CEA8E3B260E26AC003BF82B /* PBXContainerItemProxy */;
		};
/* End PBXTargetDependency section */

/* Begin XCBuildConfiguration section */
		5CEA8E42260E26AC003BF82B /* Debug */ = {
			isa = XCBuildConfiguration;
			buildSettings = {
				ALWAYS_SEARCH_USER_PATHS = NO;
				CLANG_ANALYZER_NONNULL = YES;
				CLANG_ANALYZER_NUMBER_OBJECT_CONVERSION = YES_AGGRESSIVE;
				CLANG_CXX_LANGUAGE_STANDARD = "gnu++14";
				CLANG_CXX_LIBRARY = "libc++";
				CLANG_ENABLE_MODULES = YES;
				CLANG_ENABLE_OBJC_ARC = YES;
				CLANG_ENABLE_OBJC_WEAK = YES;
				CLANG_WARN_BLOCK_CAPTURE_AUTORELEASING = YES;
				CLANG_WARN_BOOL_CONVERSION = YES;
				CLANG_WARN_COMMA = YES;
				CLANG_WARN_CONSTANT_CONVERSION = YES;
				CLANG_WARN_DEPRECATED_OBJC_IMPLEMENTATIONS = YES;
				CLANG_WARN_DIRECT_OBJC_ISA_USAGE = YES_ERROR;
				CLANG_WARN_DOCUMENTATION_COMMENTS = YES;
				CLANG_WARN_EMPTY_BODY = YES;
				CLANG_WARN_ENUM_CONVERSION = YES;
				CLANG_WARN_INFINITE_RECURSION = YES;
				CLANG_WARN_INT_CONVERSION = YES;
				CLANG_WARN_NON_LITERAL_NULL_CONVERSION = YES;
				CLANG_WARN_OBJC_IMPLICIT_RETAIN_SELF = YES;
				CLANG_WARN_OBJC_LITERAL_CONVERSION = YES;
				CLANG_WARN_OBJC_ROOT_CLASS = YES_ERROR;
				CLANG_WARN_QUOTED_INCLUDE_IN_FRAMEWORK_HEADER = YES;
				CLANG_WARN_RANGE_LOOP_ANALYSIS = YES;
				CLANG_WARN_STRICT_PROTOTYPES = YES;
				CLANG_WARN_SUSPICIOUS_MOVE = YES;
				CLANG_WARN_UNGUARDED_AVAILABILITY = YES_AGGRESSIVE;
				CLANG_WARN_UNREACHABLE_CODE = YES;
				CLANG_WARN__DUPLICATE_METHOD_MATCH = YES;
				COPY_PHASE_STRIP = NO;
				CURRENT_PROJECT_VERSION = 1;
				DEBUG_INFORMATION_FORMAT = dwarf;
				ENABLE_STRICT_OBJC_MSGSEND = YES;
				ENABLE_TESTABILITY = YES;
				GCC_C_LANGUAGE_STANDARD = gnu11;
				GCC_DYNAMIC_NO_PIC = NO;
				GCC_NO_COMMON_BLOCKS = YES;
				GCC_OPTIMIZATION_LEVEL = 0;
				GCC_PREPROCESSOR_DEFINITIONS = (
					"DEBUG=1",
					"$(inherited)",
				);
				GCC_WARN_64_TO_32_BIT_CONVERSION = YES;
				GCC_WARN_ABOUT_RETURN_TYPE = YES_ERROR;
				GCC_WARN_UNDECLARED_SELECTOR = YES;
				GCC_WARN_UNINITIALIZED_AUTOS = YES_AGGRESSIVE;
				GCC_WARN_UNUSED_FUNCTION = YES;
				GCC_WARN_UNUSED_VARIABLE = YES;
				IPHONEOS_DEPLOYMENT_TARGET = 13.2;
				MTL_ENABLE_DEBUG_INFO = INCLUDE_SOURCE;
				MTL_FAST_MATH = YES;
				ONLY_ACTIVE_ARCH = YES;
				SDKROOT = iphoneos;
				SWIFT_ACTIVE_COMPILATION_CONDITIONS = DEBUG;
				SWIFT_OPTIMIZATION_LEVEL = "-Onone";
				VERSIONING_SYSTEM = "apple-generic";
				VERSION_INFO_PREFIX = "";
			};
			name = Debug;
		};
		5CEA8E43260E26AC003BF82B /* Release */ = {
			isa = XCBuildConfiguration;
			buildSettings = {
				ALWAYS_SEARCH_USER_PATHS = NO;
				CLANG_ANALYZER_NONNULL = YES;
				CLANG_ANALYZER_NUMBER_OBJECT_CONVERSION = YES_AGGRESSIVE;
				CLANG_CXX_LANGUAGE_STANDARD = "gnu++14";
				CLANG_CXX_LIBRARY = "libc++";
				CLANG_ENABLE_MODULES = YES;
				CLANG_ENABLE_OBJC_ARC = YES;
				CLANG_ENABLE_OBJC_WEAK = YES;
				CLANG_WARN_BLOCK_CAPTURE_AUTORELEASING = YES;
				CLANG_WARN_BOOL_CONVERSION = YES;
				CLANG_WARN_COMMA = YES;
				CLANG_WARN_CONSTANT_CONVERSION = YES;
				CLANG_WARN_DEPRECATED_OBJC_IMPLEMENTATIONS = YES;
				CLANG_WARN_DIRECT_OBJC_ISA_USAGE = YES_ERROR;
				CLANG_WARN_DOCUMENTATION_COMMENTS = YES;
				CLANG_WARN_EMPTY_BODY = YES;
				CLANG_WARN_ENUM_CONVERSION = YES;
				CLANG_WARN_INFINITE_RECURSION = YES;
				CLANG_WARN_INT_CONVERSION = YES;
				CLANG_WARN_NON_LITERAL_NULL_CONVERSION = YES;
				CLANG_WARN_OBJC_IMPLICIT_RETAIN_SELF = YES;
				CLANG_WARN_OBJC_LITERAL_CONVERSION = YES;
				CLANG_WARN_OBJC_ROOT_CLASS = YES_ERROR;
				CLANG_WARN_QUOTED_INCLUDE_IN_FRAMEWORK_HEADER = YES;
				CLANG_WARN_RANGE_LOOP_ANALYSIS = YES;
				CLANG_WARN_STRICT_PROTOTYPES = YES;
				CLANG_WARN_SUSPICIOUS_MOVE = YES;
				CLANG_WARN_UNGUARDED_AVAILABILITY = YES_AGGRESSIVE;
				CLANG_WARN_UNREACHABLE_CODE = YES;
				CLANG_WARN__DUPLICATE_METHOD_MATCH = YES;
				COPY_PHASE_STRIP = NO;
				CURRENT_PROJECT_VERSION = 1;
				DEBUG_INFORMATION_FORMAT = "dwarf-with-dsym";
				ENABLE_NS_ASSERTIONS = NO;
				ENABLE_STRICT_OBJC_MSGSEND = YES;
				GCC_C_LANGUAGE_STANDARD = gnu11;
				GCC_NO_COMMON_BLOCKS = YES;
				GCC_WARN_64_TO_32_BIT_CONVERSION = YES;
				GCC_WARN_ABOUT_RETURN_TYPE = YES_ERROR;
				GCC_WARN_UNDECLARED_SELECTOR = YES;
				GCC_WARN_UNINITIALIZED_AUTOS = YES_AGGRESSIVE;
				GCC_WARN_UNUSED_FUNCTION = YES;
				GCC_WARN_UNUSED_VARIABLE = YES;
				IPHONEOS_DEPLOYMENT_TARGET = 13.2;
				MTL_ENABLE_DEBUG_INFO = NO;
				MTL_FAST_MATH = YES;
				SDKROOT = iphoneos;
				SWIFT_COMPILATION_MODE = wholemodule;
				SWIFT_OPTIMIZATION_LEVEL = "-O";
				VALIDATE_PRODUCT = YES;
				VERSIONING_SYSTEM = "apple-generic";
				VERSION_INFO_PREFIX = "";
			};
			name = Release;
		};
		5CEA8E45260E26AC003BF82B /* Debug */ = {
			isa = XCBuildConfiguration;
			buildSettings = {
				CLANG_ENABLE_MODULES = YES;
				CODE_SIGN_STYLE = Automatic;
				DEFINES_MODULE = YES;
				DYLIB_COMPATIBILITY_VERSION = 1;
				DYLIB_CURRENT_VERSION = 1;
				DYLIB_INSTALL_NAME_BASE = "@rpath";
				INFOPLIST_FILE = SwiftFramework/Info.plist;
				INSTALL_PATH = "$(LOCAL_LIBRARY_DIR)/Frameworks";
				IPHONEOS_DEPLOYMENT_TARGET = 13.2;
				LD_RUNPATH_SEARCH_PATHS = (
					"$(inherited)",
					"@executable_path/Frameworks",
					"@loader_path/Frameworks",
				);
				PRODUCT_BUNDLE_IDENTIFIER = br.com.concrete.SwiftFramework;
				PRODUCT_NAME = "$(TARGET_NAME:c99extidentifier)";
				SKIP_INSTALL = YES;
				SWIFT_OPTIMIZATION_LEVEL = "-Onone";
				SWIFT_VERSION = 5.0;
				TARGETED_DEVICE_FAMILY = "1,2";
			};
			name = Debug;
		};
		5CEA8E46260E26AC003BF82B /* Release */ = {
			isa = XCBuildConfiguration;
			buildSettings = {
				CLANG_ENABLE_MODULES = YES;
				CODE_SIGN_STYLE = Automatic;
				DEFINES_MODULE = YES;
				DYLIB_COMPATIBILITY_VERSION = 1;
				DYLIB_CURRENT_VERSION = 1;
				DYLIB_INSTALL_NAME_BASE = "@rpath";
				INFOPLIST_FILE = SwiftFramework/Info.plist;
				INSTALL_PATH = "$(LOCAL_LIBRARY_DIR)/Frameworks";
				IPHONEOS_DEPLOYMENT_TARGET = 13.2;
				LD_RUNPATH_SEARCH_PATHS = (
					"$(inherited)",
					"@executable_path/Frameworks",
					"@loader_path/Frameworks",
				);
				PRODUCT_BUNDLE_IDENTIFIER = br.com.concrete.SwiftFramework;
				PRODUCT_NAME = "$(TARGET_NAME:c99extidentifier)";
				SKIP_INSTALL = YES;
				SWIFT_VERSION = 5.0;
				TARGETED_DEVICE_FAMILY = "1,2";
			};
			name = Release;
		};
		5CEA8E48260E26AC003BF82B /* Debug */ = {
			isa = XCBuildConfiguration;
			buildSettings = {
				ALWAYS_EMBED_SWIFT_STANDARD_LIBRARIES = YES;
				CODE_SIGN_STYLE = Automatic;
				INFOPLIST_FILE = SwiftFrameworkTests/Info.plist;
				LD_RUNPATH_SEARCH_PATHS = (
					"$(inherited)",
					"@executable_path/Frameworks",
					"@loader_path/Frameworks",
				);
				PRODUCT_BUNDLE_IDENTIFIER = br.com.concrete.SwiftFrameworkTests;
				PRODUCT_NAME = "$(TARGET_NAME)";
				SWIFT_VERSION = 5.0;
				TARGETED_DEVICE_FAMILY = "1,2";
			};
			name = Debug;
		};
		5CEA8E49260E26AC003BF82B /* Release */ = {
			isa = XCBuildConfiguration;
			buildSettings = {
				ALWAYS_EMBED_SWIFT_STANDARD_LIBRARIES = YES;
				CODE_SIGN_STYLE = Automatic;
				INFOPLIST_FILE = SwiftFrameworkTests/Info.plist;
				LD_RUNPATH_SEARCH_PATHS = (
					"$(inherited)",
					"@executable_path/Frameworks",
					"@loader_path/Frameworks",
				);
				PRODUCT_BUNDLE_IDENTIFIER = br.com.concrete.SwiftFrameworkTests;
				PRODUCT_NAME = "$(TARGET_NAME)";
				SWIFT_VERSION = 5.0;
				TARGETED_DEVICE_FAMILY = "1,2";
			};
			name = Release;
		};
/* End XCBuildConfiguration section */

/* Begin XCConfigurationList section */
		5CEA8E2A260E26AB003BF82B /* Build configuration list for PBXProject "SwiftFramework" */ = {
			isa = XCConfigurationList;
			buildConfigurations = (
				5CEA8E42260E26AC003BF82B /* Debug */,
				5CEA8E43260E26AC003BF82B /* Release */,
			);
			defaultConfigurationIsVisible = 0;
			defaultConfigurationName = Release;
		};
		5CEA8E44260E26AC003BF82B /* Build configuration list for PBXNativeTarget "SwiftFramework" */ = {
			isa = XCConfigurationList;
			buildConfigurations = (
				5CEA8E45260E26AC003BF82B /* Debug */,
				5CEA8E46260E26AC003BF82B /* Release */,
			);
			defaultConfigurationIsVisible = 0;
			defaultConfigurationName = Release;
		};
		5CEA8E47260E26AC003BF82B /* Build configuration list for PBXNativeTarget "SwiftFrameworkTests" */ = {
			isa = XCConfigurationList;
			buildConfigurations = (
				5CEA8E48260E26AC003BF82B /* Debug */,
				5CEA8E49260E26AC003BF82B /* Release */,
			);
			defaultConfigurationIsVisible = 0;
			defaultConfigurationName = Release;
		};
/* End XCConfigurationList section */
	};
	rootObject = 5CEA8E27260E26AB003BF82B /* Project object */;
}
